
Microsoft Visual Studio Solution File, Format Version 12.00
# Visual Studio Version 16
VisualStudioVersion = 16.0.29411.108
MinimumVisualStudioVersion = 10.0.40219.1
Project("{2150E333-8FDC-42A3-9474-1A3956D46DE8}") = "src", "src", "{BAF971BD-0546-4610-A9F6-6F6DC68E6FE7}"
	ProjectSection(SolutionItems) = preProject
		src\LICENSE = src\LICENSE
	EndProjectSection
EndProject
Project("{9A19103F-16F7-4668-BE54-9A1E7A4F7556}") = "HttpReports", "src\HttpReports\HttpReports.csproj", "{0A9D3AD0-3747-47CD-AD7C-4CB907E65C04}"
EndProject
Project("{9A19103F-16F7-4668-BE54-9A1E7A4F7556}") = "HttpReports.Dashboard", "src\HttpReports.Dashboard\HttpReports.Dashboard.csproj", "{88AB890F-88DB-4624-BEC7-42053180855E}"
EndProject
Project("{9A19103F-16F7-4668-BE54-9A1E7A4F7556}") = "HttpReports.Core", "src\HttpReports.Core\HttpReports.Core.csproj", "{6328A1B2-322D-41FA-855B-2AACB9F75160}"
EndProject
Project("{9A19103F-16F7-4668-BE54-9A1E7A4F7556}") = "HttpReports.Storage.MySql", "src\HttpReports.Storage.MySQL\HttpReports.Storage.MySql.csproj", "{BDB01E7D-754B-4797-9575-B6480A84DB28}"
EndProject
Project("{9A19103F-16F7-4668-BE54-9A1E7A4F7556}") = "HttpReports.Storage.SQLServer", "src\HttpReports.Storage.SQLServer\HttpReports.Storage.SQLServer.csproj", "{9A3F67F6-E526-4264-9FAE-CD37BCF4FB3C}"
EndProject
Project("{2150E333-8FDC-42A3-9474-1A3956D46DE8}") = "example", "example", "{CDCA953E-391F-422A-85A0-2057B8F2ED96}"
EndProject
Project("{9A19103F-16F7-4668-BE54-9A1E7A4F7556}") = "WebApiServer", "example\WebApiServer\WebApiServer.csproj", "{F1787614-D88F-4F00-9CE4-08493CF990C1}"
EndProject
Project("{2150E333-8FDC-42A3-9474-1A3956D46DE8}") = "build", "build", "{92F075FE-55AD-4A3F-A210-7B019A2DA690}"
	ProjectSection(SolutionItems) = preProject
		Dockerfile = Dockerfile
	EndProjectSection
EndProject
Project("{2150E333-8FDC-42A3-9474-1A3956D46DE8}") = "test", "test", "{62236260-3E05-4E03-BF44-8061691CB8EE}"
EndProject
Project("{9A19103F-16F7-4668-BE54-9A1E7A4F7556}") = "HttpReports.Storage.Oracle", "src\HttpReports.Storage.Oracle\HttpReports.Storage.Oracle.csproj", "{FA6B6E37-5276-4DF7-9526-07399894F181}"
EndProject
Project("{9A19103F-16F7-4668-BE54-9A1E7A4F7556}") = "HttpReports.Test", "test\HttpReports.Test\HttpReports.Test.csproj", "{096B19D3-7F8A-47B2-B8DF-84ACA3D210A3}"
EndProject
Global
	GlobalSection(SolutionConfigurationPlatforms) = preSolution
		Debug|Any CPU = Debug|Any CPU
		Release|Any CPU = Release|Any CPU
	EndGlobalSection
	GlobalSection(ProjectConfigurationPlatforms) = postSolution
		{0A9D3AD0-3747-47CD-AD7C-4CB907E65C04}.Debug|Any CPU.ActiveCfg = Debug|Any CPU
		{0A9D3AD0-3747-47CD-AD7C-4CB907E65C04}.Debug|Any CPU.Build.0 = Debug|Any CPU
		{0A9D3AD0-3747-47CD-AD7C-4CB907E65C04}.Release|Any CPU.ActiveCfg = Release|Any CPU
		{0A9D3AD0-3747-47CD-AD7C-4CB907E65C04}.Release|Any CPU.Build.0 = Release|Any CPU
		{88AB890F-88DB-4624-BEC7-42053180855E}.Debug|Any CPU.ActiveCfg = Debug|Any CPU
		{88AB890F-88DB-4624-BEC7-42053180855E}.Debug|Any CPU.Build.0 = Debug|Any CPU
		{88AB890F-88DB-4624-BEC7-42053180855E}.Release|Any CPU.ActiveCfg = Release|Any CPU
		{88AB890F-88DB-4624-BEC7-42053180855E}.Release|Any CPU.Build.0 = Release|Any CPU
		{6328A1B2-322D-41FA-855B-2AACB9F75160}.Debug|Any CPU.ActiveCfg = Debug|Any CPU
		{6328A1B2-322D-41FA-855B-2AACB9F75160}.Debug|Any CPU.Build.0 = Debug|Any CPU
		{6328A1B2-322D-41FA-855B-2AACB9F75160}.Release|Any CPU.ActiveCfg = Release|Any CPU
		{6328A1B2-322D-41FA-855B-2AACB9F75160}.Release|Any CPU.Build.0 = Release|Any CPU
		{BDB01E7D-754B-4797-9575-B6480A84DB28}.Debug|Any CPU.ActiveCfg = Debug|Any CPU
		{BDB01E7D-754B-4797-9575-B6480A84DB28}.Debug|Any CPU.Build.0 = Debug|Any CPU
		{BDB01E7D-754B-4797-9575-B6480A84DB28}.Release|Any CPU.ActiveCfg = Release|Any CPU
		{BDB01E7D-754B-4797-9575-B6480A84DB28}.Release|Any CPU.Build.0 = Release|Any CPU
		{9A3F67F6-E526-4264-9FAE-CD37BCF4FB3C}.Debug|Any CPU.ActiveCfg = Debug|Any CPU
		{9A3F67F6-E526-4264-9FAE-CD37BCF4FB3C}.Debug|Any CPU.Build.0 = Debug|Any CPU
		{9A3F67F6-E526-4264-9FAE-CD37BCF4FB3C}.Release|Any CPU.ActiveCfg = Release|Any CPU
		{9A3F67F6-E526-4264-9FAE-CD37BCF4FB3C}.Release|Any CPU.Build.0 = Release|Any CPU
		{F1787614-D88F-4F00-9CE4-08493CF990C1}.Debug|Any CPU.ActiveCfg = Debug|Any CPU
		{F1787614-D88F-4F00-9CE4-08493CF990C1}.Debug|Any CPU.Build.0 = Debug|Any CPU
		{F1787614-D88F-4F00-9CE4-08493CF990C1}.Release|Any CPU.ActiveCfg = Release|Any CPU
		{F1787614-D88F-4F00-9CE4-08493CF990C1}.Release|Any CPU.Build.0 = Release|Any CPU
		{FA6B6E37-5276-4DF7-9526-07399894F181}.Debug|Any CPU.ActiveCfg = Debug|Any CPU
		{FA6B6E37-5276-4DF7-9526-07399894F181}.Debug|Any CPU.Build.0 = Debug|Any CPU
		{FA6B6E37-5276-4DF7-9526-07399894F181}.Release|Any CPU.ActiveCfg = Release|Any CPU
		{FA6B6E37-5276-4DF7-9526-07399894F181}.Release|Any CPU.Build.0 = Release|Any CPU
		{096B19D3-7F8A-47B2-B8DF-84ACA3D210A3}.Debug|Any CPU.ActiveCfg = Debug|Any CPU
		{096B19D3-7F8A-47B2-B8DF-84ACA3D210A3}.Debug|Any CPU.Build.0 = Debug|Any CPU
		{096B19D3-7F8A-47B2-B8DF-84ACA3D210A3}.Release|Any CPU.ActiveCfg = Release|Any CPU
		{096B19D3-7F8A-47B2-B8DF-84ACA3D210A3}.Release|Any CPU.Build.0 = Release|Any CPU
	EndGlobalSection
	GlobalSection(SolutionProperties) = preSolution
		HideSolutionNode = FALSE
	EndGlobalSection
	GlobalSection(NestedProjects) = preSolution
		{0A9D3AD0-3747-47CD-AD7C-4CB907E65C04} = {BAF971BD-0546-4610-A9F6-6F6DC68E6FE7}
		{88AB890F-88DB-4624-BEC7-42053180855E} = {BAF971BD-0546-4610-A9F6-6F6DC68E6FE7}
		{6328A1B2-322D-41FA-855B-2AACB9F75160} = {BAF971BD-0546-4610-A9F6-6F6DC68E6FE7}
		{BDB01E7D-754B-4797-9575-B6480A84DB28} = {BAF971BD-0546-4610-A9F6-6F6DC68E6FE7}
		{9A3F67F6-E526-4264-9FAE-CD37BCF4FB3C} = {BAF971BD-0546-4610-A9F6-6F6DC68E6FE7}
		{F1787614-D88F-4F00-9CE4-08493CF990C1} = {CDCA953E-391F-422A-85A0-2057B8F2ED96}
		{096B19D3-7F8A-47B2-B8DF-84ACA3D210A3} = {62236260-3E05-4E03-BF44-8061691CB8EE}
	EndGlobalSection
	GlobalSection(ExtensibilityGlobals) = postSolution
		SolutionGuid = {CF5EB1E6-E330-45DC-80A3-9A2CE692DDE5}
	EndGlobalSection
EndGlobal
