
Microsoft Visual Studio Solution File, Format Version 12.00
# Visual Studio Version 16
VisualStudioVersion = 16.0.29411.108
MinimumVisualStudioVersion = 10.0.40219.1
Project("{FAE04EC0-301F-11D3-BF4B-00C04F79EFBC}") = "HttpReports", "HttpReports\HttpReports.csproj", "{2CED68CF-709D-475F-9BE5-C614F4B65659}"
EndProject
Global
	GlobalSection(SolutionConfigurationPlatforms) = preSolution
		Debug|Any CPU = Debug|Any CPU
		Release|Any CPU = Release|Any CPU
	EndGlobalSection
	GlobalSection(ProjectConfigurationPlatforms) = postSolution
		{2CED68CF-709D-475F-9BE5-C614F4B65659}.Debug|Any CPU.ActiveCfg = Debug|Any CPU
		{2CED68CF-709D-475F-9BE5-C614F4B65659}.Debug|Any CPU.Build.0 = Debug|Any CPU
		{2CED68CF-709D-475F-9BE5-C614F4B65659}.Release|Any CPU.ActiveCfg = Release|Any CPU
		{2CED68CF-709D-475F-9BE5-C614F4B65659}.Release|Any CPU.Build.0 = Release|Any CPU
	EndGlobalSection
	GlobalSection(SolutionProperties) = preSolution
		HideSolutionNode = FALSE
	EndGlobalSection
	GlobalSection(ExtensibilityGlobals) = postSolution
		SolutionGuid = {CF5EB1E6-E330-45DC-80A3-9A2CE692DDE5}
	EndGlobalSection
EndGlobal
